lockfileVersion: '9.0'

settings:
  autoInstallPeers: true
  excludeLinksFromLockfile: false

importers:

  .:
    dependencies:
      '@tauri-apps/api':
        specifier: ^2.9.1
        version: 2.9.1
      react:
        specifier: ^19.2.0
        version: 19.2.0
      react-dom:
        specifier: ^19.2.0
        version: 19.2.0(react@19.2.0)
      react-native-web:
        specifier: ^0.21.2
        version: 0.21.2(react-dom@19.2.0(react@19.2.0))(react@19.2.0)
    devDependencies:
      '@tauri-apps/cli':
        specifier: ^2.9.5
        version: 2.9.5

packages:

  '@babel/runtime@7.28.4':
    resolution: {integrity: sha512-Q/N6JNWvIvPnLDvjlE1OUBLPQHH6l3CltCEsHIujp45zQUSSh8K+gHnaEX45yAT1nyngnINhvWtzN+Nb9D8RAQ==}
    engines: {node: '>=6.9.0'}

  '@react-native/normalize-colors@0.74.89':
    resolution: {integrity: sha512-qoMMXddVKVhZ8PA1AbUCk83trpd6N+1nF2A6k1i6LsQObyS92fELuk8kU/lQs6M7BsMHwqyLCpQJ1uFgNvIQXg==}

  '@tauri-apps/api@2.9.1':
    resolution: {integrity: sha512-IGlhP6EivjXHepbBic618GOmiWe4URJiIeZFlB7x3czM0yDHHYviH1Xvoiv4FefdkQtn6v7TuwWCRfOGdnVUGw==}

  '@tauri-apps/cli-darwin-arm64@2.9.5':
    resolution: {integrity: sha512-P5XDyCwq3VbWGAplyfP/bgmuUITVDcypxgZUyX45SM7HbU1Nrkk0cNK1HCOkuNBAVVbWen2GUNWah/AiupHHXg==}
    engines: {node: '>= 10'}
    cpu: [arm64]
    os: [darwin]

  '@tauri-apps/cli-darwin-x64@2.9.5':
    resolution: {integrity: sha512-JC9UfQ2ZKavx60dnNxsWztRF3oUH3dgPwN1WJ3/5RUy2aNwD/vXqvJAfNFZ4GWeQpoQ+PqJxduev0U4OMQonnA==}
    engines: {node: '>= 10'}
    cpu: [x64]
    os: [darwin]

  '@tauri-apps/cli-linux-arm-gnueabihf@2.9.5':
    resolution: {integrity: sha512-iCQm2Uvx8AheghfG/QUv1y8Ga9yquJt6xJwH1uF0x5KfmJmwBi8pHBvB924dDi59PS84qTdIBeJejQT00QX3Iw==}
    engines: {node: '>= 10'}
    cpu: [arm]
    os: [linux]

  '@tauri-apps/cli-linux-arm64-gnu@2.9.5':
    resolution: {integrity: sha512-b6AW8Gr5nQOQIYH0TsUev7rEThGHIvsx192eElOmOz/dh33J4pninHK32laMj2hzHMJ27qmDq5vANL+wrFo9sg==}
    engines: {node: '>= 10'}
    cpu: [arm64]
    os: [linux]

  '@tauri-apps/cli-linux-arm64-musl@2.9.5':
    resolution: {integrity: sha512-/gRBMnphS9E8riZ0LIbBhZ9Oy16A2rx/g3DGR0DcDBvUtkLfbL0lMu4s+sY85nkn9An15+cZ1ZK6d7AIqWahLA==}
    engines: {node: '>= 10'}
    cpu: [arm64]
    os: [linux]

  '@tauri-apps/cli-linux-riscv64-gnu@2.9.5':
    resolution: {integrity: sha512-NOzjPF9YIBodjdkFcJmqINT0k3YDoR5ANM/jg6Z6s3Zmk8ScN6inI60jTxcfgfWyITiKsPy7GJyYou3Cm2XNzw==}
    engines: {node: '>= 10'}
    cpu: [riscv64]
    os: [linux]

  '@tauri-apps/cli-linux-x64-gnu@2.9.5':
    resolution: {integrity: sha512-SfGbwgvTphM5y+J91NyU/psleMUlyyPkZyDCFg8WU1HX8DpKUT3Vwhb/W1xpUBGb56tJgGCO46FCVkr8w4Areg==}
    engines: {node: '>= 10'}
    cpu: [x64]
    os: [linux]

  '@tauri-apps/cli-linux-x64-musl@2.9.5':
    resolution: {integrity: sha512-ZfeoiASAOGDzyvN+TDAg8A1pCeS082h4uc0vZKvtWUN+9QBIMfz0yJwltAv+SN/afap6NS6DVkbPV3UVuI9V5A==}
    engines: {node: '>= 10'}
    cpu: [x64]
    os: [linux]

  '@tauri-apps/cli-win32-arm64-msvc@2.9.5':
    resolution: {integrity: sha512-ulg7irow+ekjaK4inFHVq7m1KQebDSYNb17DFKV+h+x7qnLZymz2gHK7df2u4YyEjqvzwRd3AJpU3HNxRurSFQ==}
    engines: {node: '>= 10'}
    cpu: [arm64]
    os: [win32]

  '@tauri-apps/cli-win32-ia32-msvc@2.9.5':
    resolution: {integrity: sha512-6lF0k/Qduhn1Z3IOXlp2ts8jNOMIX4cK4Fbk3axGeX7LMcVVbOSEAFwbTqS8BKZDFac0WRS8N1C96+Ms5LOS1Q==}
    engines: {node: '>= 10'}
    cpu: [ia32]
    os: [win32]

  '@tauri-apps/cli-win32-x64-msvc@2.9.5':
    resolution: {integrity: sha512-Vg50U74x1A4b2iBVtDcAVPbI1XVuzSmwlduuBM1VewxtRaVj5GDzWnYtBcnuIk+VGzNApRDfDhraAXGaW2a/Gw==}
    engines: {node: '>= 10'}
    cpu: [x64]
    os: [win32]

  '@tauri-apps/cli@2.9.5':
    resolution: {integrity: sha512-z88tX6O6kwTgMjYozhNGbehzQyBazgXejyH784CwSfBOWm06xFcogd0PY/jhcPsqzJF9kLRIkmlQy+cqdrioOQ==}
    engines: {node: '>= 10'}
    hasBin: true

  asap@2.0.6:
    resolution: {integrity: sha512-BSHWgDSAiKs50o2Re8ppvp3seVHXSRM44cdSsT9FfNEUUZLOGWVCsiWaRPWM1Znn+mqZ1OfVZ3z3DWEzSp7hRA==}

  cross-fetch@3.2.0:
    resolution: {integrity: sha512-Q+xVJLoGOeIMXZmbUK4HYk+69cQH6LudR0Vu/pRm2YlU/hDV9CiS0gKUMaWY5f2NeUH9C1nV3bsTlCo0FsTV1Q==}

  css-in-js-utils@3.1.0:
    resolution: {integrity: sha512-fJAcud6B3rRu+KHYk+Bwf+WFL2MDCJJ1XG9x137tJQ0xYxor7XziQtuGFbWNdqrvF4Tk26O3H73nfVqXt/fW1A==}

  fbjs-css-vars@1.0.2:
    resolution: {integrity: sha512-b2XGFAFdWZWg0phtAWLHCk836A1Xann+I+Dgd3Gk64MHKZO44FfoD1KxyvbSh0qZsIoXQGGlVztIY+oitJPpRQ==}

  fbjs@3.0.5:
    resolution: {integrity: sha512-ztsSx77JBtkuMrEypfhgc3cI0+0h+svqeie7xHbh1k/IKdcydnvadp/mUaGgjAOXQmQSxsqgaRhS3q9fy+1kxg==}

  hyphenate-style-name@1.1.0:
    resolution: {integrity: sha512-WDC/ui2VVRrz3jOVi+XtjqkDjiVjTtFaAGiW37k6b+ohyQ5wYDOGkvCZa8+H0nx3gyvv0+BST9xuOgIyGQ00gw==}

  inline-style-prefixer@7.0.1:
    resolution: {integrity: sha512-lhYo5qNTQp3EvSSp3sRvXMbVQTLrvGV6DycRMJ5dm2BLMiJ30wpXKdDdgX+GmJZ5uQMucwRKHamXSst3Sj/Giw==}

  js-tokens@4.0.0:
    resolution: {integrity: sha512-RdJUflcE3cUzKiMqQgsCu06FPu9UdIJO0beYbPhHN4k6apgJtifcoCtT9bcxOpYBtpD2kCM6Sbzg4CausW/PKQ==}

  loose-envify@1.4.0:
    resolution: {integrity: sha512-lyuxPGr/Wfhrlem2CL/UcnUc1zcqKAImBDzukY7Y5F/yQiNdko6+fRLevlw1HgMySw7f611UIY408EtxRSoK3Q==}
    hasBin: true

  memoize-one@6.0.0:
    resolution: {integrity: sha512-rkpe71W0N0c0Xz6QD0eJETuWAJGnJ9afsl1srmwPrI+yBCkge5EycXXbYRyvL29zZVUWQCY7InPRCv3GDXuZNw==}

  node-fetch@2.7.0:
    resolution: {integrity: sha512-c4FRfUm/dbcWZ7U+1Wq0AwCyFL+3nt2bEw05wfxSz+DWpWsitgmSgYmy2dQdWyKC1694ELPqMs/YzUSNozLt8A==}
    engines: {node: 4.x || >=6.0.0}
    peerDependencies:
      encoding: ^0.1.0
    peerDependenciesMeta:
      encoding:
        optional: true

  nullthrows@1.1.1:
    resolution: {integrity: sha512-2vPPEi+Z7WqML2jZYddDIfy5Dqb0r2fze2zTxNNknZaFpVHU3mFB3R+DWeJWGVx0ecvttSGlJTI+WG+8Z4cDWw==}

  object-assign@4.1.1:
    resolution: {integrity: sha512-rJgTQnkUnH1sFw8yT6VSU3zD3sWmu6sZhIseY8VX+GRu3P6F7Fu+JNDoXfklElbLJSnc3FUQHVe4cU5hj+BcUg==}
    engines: {node: '>=0.10.0'}

  postcss-value-parser@4.2.0:
    resolution: {integrity: sha512-1NNCs6uurfkVbeXG4S8JFT9t19m45ICnif8zWLd5oPSZ50QnwMfK+H3jv408d4jw/7Bttv5axS5IiHoLaVNHeQ==}

  promise@7.3.1:
    resolution: {integrity: sha512-nolQXZ/4L+bP/UGlkfaIujX9BKxGwmQ9OT4mOt5yvy8iK1h3wqTEJCijzGANTCCl9nWjY41juyAn2K3Q1hLLTg==}

  react-dom@19.2.0:
    resolution: {integrity: sha512-UlbRu4cAiGaIewkPyiRGJk0imDN2T3JjieT6spoL2UeSf5od4n5LB/mQ4ejmxhCFT1tYe8IvaFulzynWovsEFQ==}
    peerDependencies:
      react: ^19.2.0

  react-native-web@0.21.2:
    resolution: {integrity: sha512-SO2t9/17zM4iEnFvlu2DA9jqNbzNhoUP+AItkoCOyFmDMOhUnBBznBDCYN92fGdfAkfQlWzPoez6+zLxFNsZEg==}
    peerDependencies:
      react: ^18.0.0 || ^19.0.0
      react-dom: ^18.0.0 || ^19.0.0

  react@19.2.0:
    resolution: {integrity: sha512-tmbWg6W31tQLeB5cdIBOicJDJRR2KzXsV7uSK9iNfLWQ5bIZfxuPEHp7M8wiHyHnn0DD1i7w3Zmin0FtkrwoCQ==}
    engines: {node: '>=0.10.0'}

  scheduler@0.27.0:
    resolution: {integrity: sha512-eNv+WrVbKu1f3vbYJT/xtiF5syA5HPIMtf9IgY/nKg0sWqzAUEvqY/xm7OcZc/qafLx/iO9FgOmeSAp4v5ti/Q==}

  setimmediate@1.0.5:
    resolution: {integrity: sha512-MATJdZp8sLqDl/68LfQmbP8zKPLQNV6BIZoIgrscFDQ+RsvK/BxeDQOgyxKKoh0y/8h3BqVFnCqQ/gd+reiIXA==}

  styleq@0.1.3:
    resolution: {integrity: sha512-3ZUifmCDCQanjeej1f6kyl/BeP/Vae5EYkQ9iJfUm/QwZvlgnZzyflqAsAWYURdtea8Vkvswu2GrC57h3qffcA==}

  tr46@0.0.3:
    resolution: {integrity: sha512-N3WMsuqV66lT30CrXNbEjx4GEwlow3v6rr4mCcv6prnfwhS01rkgyFdjPNBYd9br7LpXV1+Emh01fHnq2Gdgrw==}

  ua-parser-js@1.0.41:
    resolution: {integrity: sha512-LbBDqdIC5s8iROCUjMbW1f5dJQTEFB1+KO9ogbvlb3nm9n4YHa5p4KTvFPWvh2Hs8gZMBuiB1/8+pdfe/tDPug==}
    hasBin: true

  webidl-conversions@3.0.1:
    resolution: {integrity: sha512-2JAn3z8AR6rjK8Sm8orRC0h/bcl/DqL7tRPdGZ4I1CjdF+EaMLmYxBHyXuKL849eucPFhvBoxMsflfOb8kxaeQ==}

  whatwg-url@5.0.0:
    resolution: {integrity: sha512-saE57nupxk6v3HY35+jzBwYa0rKSy0XR8JSxZPwgLr7ys0IBzhGviA1/TUGJLmSVqs8pb9AnvICXEuOHLprYTw==}

snapshots:

  '@babel/runtime@7.28.4': {}

  '@react-native/normalize-colors@0.74.89': {}

  '@tauri-apps/api@2.9.1': {}

  '@tauri-apps/cli-darwin-arm64@2.9.5':
    optional: true

  '@tauri-apps/cli-darwin-x64@2.9.5':
    optional: true

  '@tauri-apps/cli-linux-arm-gnueabihf@2.9.5':
    optional: true

  '@tauri-apps/cli-linux-arm64-gnu@2.9.5':
    optional: true

  '@tauri-apps/cli-linux-arm64-musl@2.9.5':
    optional: true

  '@tauri-apps/cli-linux-riscv64-gnu@2.9.5':
    optional: true

  '@tauri-apps/cli-linux-x64-gnu@2.9.5':
    optional: true

  '@tauri-apps/cli-linux-x64-musl@2.9.5':
    optional: true

  '@tauri-apps/cli-win32-arm64-msvc@2.9.5':
    optional: true

  '@tauri-apps/cli-win32-ia32-msvc@2.9.5':
    optional: true

  '@tauri-apps/cli-win32-x64-msvc@2.9.5':
    optional: true

  '@tauri-apps/cli@2.9.5':
    optionalDependencies:
      '@tauri-apps/cli-darwin-arm64': 2.9.5
      '@tauri-apps/cli-darwin-x64': 2.9.5
      '@tauri-apps/cli-linux-arm-gnueabihf': 2.9.5
      '@tauri-apps/cli-linux-arm64-gnu': 2.9.5
      '@tauri-apps/cli-linux-arm64-musl': 2.9.5
      '@tauri-apps/cli-linux-riscv64-gnu': 2.9.5
      '@tauri-apps/cli-linux-x64-gnu': 2.9.5
      '@tauri-apps/cli-linux-x64-musl': 2.9.5
      '@tauri-apps/cli-win32-arm64-msvc': 2.9.5
      '@tauri-apps/cli-win32-ia32-msvc': 2.9.5
      '@tauri-apps/cli-win32-x64-msvc': 2.9.5

  asap@2.0.6: {}

  cross-fetch@3.2.0:
    dependencies:
      node-fetch: 2.7.0
    transitivePeerDependencies:
      - encoding

  css-in-js-utils@3.1.0:
    dependencies:
      hyphenate-style-name: 1.1.0

  fbjs-css-vars@1.0.2: {}

  fbjs@3.0.5:
    dependencies:
      cross-fetch: 3.2.0
      fbjs-css-vars: 1.0.2
      loose-envify: 1.4.0
      object-assign: 4.1.1
      promise: 7.3.1
      setimmediate: 1.0.5
      ua-parser-js: 1.0.41
    transitivePeerDependencies:
      - encoding

  hyphenate-style-name@1.1.0: {}

  inline-style-prefixer@7.0.1:
    dependencies:
      css-in-js-utils: 3.1.0

  js-tokens@4.0.0: {}

  loose-envify@1.4.0:
    dependencies:
      js-tokens: 4.0.0

  memoize-one@6.0.0: {}

  node-fetch@2.7.0:
    dependencies:
      whatwg-url: 5.0.0

  nullthrows@1.1.1: {}

  object-assign@4.1.1: {}

  postcss-value-parser@4.2.0: {}

  promise@7.3.1:
    dependencies:
      asap: 2.0.6

  react-dom@19.2.0(react@19.2.0):
    dependencies:
      react: 19.2.0
      scheduler: 0.27.0

  react-native-web@0.21.2(react-dom@19.2.0(react@19.2.0))(react@19.2.0):
    dependencies:
      '@babel/runtime': 7.28.4
      '@react-native/normalize-colors': 0.74.89
      fbjs: 3.0.5
      inline-style-prefixer: 7.0.1
      memoize-one: 6.0.0
      nullthrows: 1.1.1
      postcss-value-parser: 4.2.0
      react: 19.2.0
      react-dom: 19.2.0(react@19.2.0)
      styleq: 0.1.3
    transitivePeerDependencies:
      - encoding

  react@19.2.0: {}

  scheduler@0.27.0: {}

  setimmediate@1.0.5: {}

  styleq@0.1.3: {}

  tr46@0.0.3: {}

  ua-parser-js@1.0.41: {}

  webidl-conversions@3.0.1: {}

  whatwg-url@5.0.0:
    dependencies:
      tr46: 0.0.3
      webidl-conversions: 3.0.1
